
Microsoft Visual Studio Solution File, Format Version 12.00
# Visual Studio 15
VisualStudioVersion = 15.0.27130.2036
MinimumVisualStudioVersion = 10.0.40219.1
Project("{FAE04EC0-301F-11D3-BF4B-00C04F79EFBC}") = "Calculator.Android", "Calculator\Calculator.Android\Calculator.Android.csproj", "{FF6A34C1-B43D-442C-B5C8-71CC71615057}"
EndProject
Project("{FAE04EC0-301F-11D3-BF4B-00C04F79EFBC}") = "Calculator.iOS", "Calculator\Calculator.iOS\Calculator.iOS.csproj", "{EDF277F4-7083-42BE-AF0B-1B219C0A73AE}"
EndProject
Project("{D954291E-2A0B-460D-934E-DC6B0785DB48}") = "Calculator", "Calculator\Calculator\Calculator.shproj", "{593F7D91-8A33-44A2-AA6E-8DA8D52505B4}"
EndProject
Project("{2150E333-8FDC-42A3-9474-1A3956D46DE8}") = "Solution Items", "Solution Items", "{435BE422-7914-4D35-A8E1-9FE296E2AD93}"
EndProject
Project("{FAE04EC0-301F-11D3-BF4B-00C04F79EFBC}") = "System.Extensions", "..\..\C# Extensions\System.Extensions\System.Extensions.csproj", "{F2E94F0B-5217-44A2-8747-A28C1D8C7E4B}"
EndProject
Project("{FAE04EC0-301F-11D3-BF4B-00C04F79EFBC}") = "Xamarin.Forms.Extensions", "..\..\C# Extensions\Xamarin.Forms.Extensions\Xamarin.Forms.Extensions.csproj", "{393A81A0-558D-4901-AEBA-5D08E67F02AF}"
EndProject
Project("{FAE04EC0-301F-11D3-BF4B-00C04F79EFBC}") = "Crunch", "..\Crunch\Crunch.csproj", "{65CC8523-2B41-4745-A678-A79BD46477DB}"
EndProject
Project("{FAE04EC0-301F-11D3-BF4B-00C04F79EFBC}") = "Xamarin.Forms.MathDisplay", "..\Xamarin.Forms.MathDisplay\Xamarin.Forms.MathDisplay.csproj", "{6D33DD01-7D24-425F-AF85-B998AA502195}"
EndProject
Project("{9A19103F-16F7-4668-BE54-9A1E7A4F7556}") = "MathTest", "..\MathTest\MathTest.csproj", "{31F06BF8-D068-498D-9686-C563482606B1}"
EndProject
Project("{FAE04EC0-301F-11D3-BF4B-00C04F79EFBC}") = "Crunch.Machine", "..\Parse\Crunch.Machine.csproj", "{7A80FCD4-BF7D-42C2-82F1-FAC60323E4F4}"
EndProject
Global
	GlobalSection(SharedMSBuildProjectFiles) = preSolution
		Calculator\Calculator\Calculator.projitems*{593f7d91-8a33-44a2-aa6e-8da8d52505b4}*SharedItemsImports = 13
		Calculator\Calculator\Calculator.projitems*{edf277f4-7083-42be-af0b-1b219c0a73ae}*SharedItemsImports = 4
		Calculator\Calculator\Calculator.projitems*{ff6a34c1-b43d-442c-b5c8-71cc71615057}*SharedItemsImports = 4
	EndGlobalSection
	GlobalSection(SolutionConfigurationPlatforms) = preSolution
		Ad-Hoc|Any CPU = Ad-Hoc|Any CPU
		Ad-Hoc|iPhone = Ad-Hoc|iPhone
		Ad-Hoc|iPhoneSimulator = Ad-Hoc|iPhoneSimulator
		AppStore|Any CPU = AppStore|Any CPU
		AppStore|iPhone = AppStore|iPhone
		AppStore|iPhoneSimulator = AppStore|iPhoneSimulator
		Debug|Any CPU = Debug|Any CPU
		Debug|iPhone = Debug|iPhone
		Debug|iPhoneSimulator = Debug|iPhoneSimulator
		Release|Any CPU = Release|Any CPU
		Release|iPhone = Release|iPhone
		Release|iPhoneSimulator = Release|iPhoneSimulator
		Sample|Any CPU = Sample|Any CPU
		Sample|iPhone = Sample|iPhone
		Sample|iPhoneSimulator = Sample|iPhoneSimulator
	EndGlobalSection
	GlobalSection(ProjectConfigurationPlatforms) = postSolution
		{FF6A34C1-B43D-442C-B5C8-71CC71615057}.Ad-Hoc|Any CPU.ActiveCfg = Release|Any CPU
		{FF6A34C1-B43D-442C-B5C8-71CC71615057}.Ad-Hoc|Any CPU.Build.0 = Release|Any CPU
		{FF6A34C1-B43D-442C-B5C8-71CC71615057}.Ad-Hoc|Any CPU.Deploy.0 = Release|Any CPU
		{FF6A34C1-B43D-442C-B5C8-71CC71615057}.Ad-Hoc|iPhone.ActiveCfg = Release|Any CPU
		{FF6A34C1-B43D-442C-B5C8-71CC71615057}.Ad-Hoc|iPhone.Build.0 = Release|Any CPU
		{FF6A34C1-B43D-442C-B5C8-71CC71615057}.Ad-Hoc|iPhone.Deploy.0 = Release|Any CPU
		{FF6A34C1-B43D-442C-B5C8-71CC71615057}.Ad-Hoc|iPhoneSimulator.ActiveCfg = Release|Any CPU
		{FF6A34C1-B43D-442C-B5C8-71CC71615057}.Ad-Hoc|iPhoneSimulator.Build.0 = Release|Any CPU
		{FF6A34C1-B43D-442C-B5C8-71CC71615057}.Ad-Hoc|iPhoneSimulator.Deploy.0 = Release|Any CPU
		{FF6A34C1-B43D-442C-B5C8-71CC71615057}.AppStore|Any CPU.ActiveCfg = Release|Any CPU
		{FF6A34C1-B43D-442C-B5C8-71CC71615057}.AppStore|Any CPU.Build.0 = Release|Any CPU
		{FF6A34C1-B43D-442C-B5C8-71CC71615057}.AppStore|Any CPU.Deploy.0 = Release|Any CPU
		{FF6A34C1-B43D-442C-B5C8-71CC71615057}.AppStore|iPhone.ActiveCfg = Release|Any CPU
		{FF6A34C1-B43D-442C-B5C8-71CC71615057}.AppStore|iPhone.Build.0 = Release|Any CPU
		{FF6A34C1-B43D-442C-B5C8-71CC71615057}.AppStore|iPhone.Deploy.0 = Release|Any CPU
		{FF6A34C1-B43D-442C-B5C8-71CC71615057}.AppStore|iPhoneSimulator.ActiveCfg = Release|Any CPU
		{FF6A34C1-B43D-442C-B5C8-71CC71615057}.AppStore|iPhoneSimulator.Build.0 = Release|Any CPU
		{FF6A34C1-B43D-442C-B5C8-71CC71615057}.AppStore|iPhoneSimulator.Deploy.0 = Release|Any CPU
		{FF6A34C1-B43D-442C-B5C8-71CC71615057}.Debug|Any CPU.ActiveCfg = Debug|Any CPU
		{FF6A34C1-B43D-442C-B5C8-71CC71615057}.Debug|Any CPU.Build.0 = Debug|Any CPU
		{FF6A34C1-B43D-442C-B5C8-71CC71615057}.Debug|Any CPU.Deploy.0 = Debug|Any CPU
		{FF6A34C1-B43D-442C-B5C8-71CC71615057}.Debug|iPhone.ActiveCfg = Debug|Any CPU
		{FF6A34C1-B43D-442C-B5C8-71CC71615057}.Debug|iPhone.Build.0 = Debug|Any CPU
		{FF6A34C1-B43D-442C-B5C8-71CC71615057}.Debug|iPhone.Deploy.0 = Debug|Any CPU
		{FF6A34C1-B43D-442C-B5C8-71CC71615057}.Debug|iPhoneSimulator.ActiveCfg = Debug|Any CPU
		{FF6A34C1-B43D-442C-B5C8-71CC71615057}.Debug|iPhoneSimulator.Build.0 = Debug|Any CPU
		{FF6A34C1-B43D-442C-B5C8-71CC71615057}.Debug|iPhoneSimulator.Deploy.0 = Debug|Any CPU
		{FF6A34C1-B43D-442C-B5C8-71CC71615057}.Release|Any CPU.ActiveCfg = Release|Any CPU
		{FF6A34C1-B43D-442C-B5C8-71CC71615057}.Release|Any CPU.Build.0 = Release|Any CPU
		{FF6A34C1-B43D-442C-B5C8-71CC71615057}.Release|Any CPU.Deploy.0 = Release|Any CPU
		{FF6A34C1-B43D-442C-B5C8-71CC71615057}.Release|iPhone.ActiveCfg = Release|Any CPU
		{FF6A34C1-B43D-442C-B5C8-71CC71615057}.Release|iPhone.Build.0 = Release|Any CPU
		{FF6A34C1-B43D-442C-B5C8-71CC71615057}.Release|iPhone.Deploy.0 = Release|Any CPU
		{FF6A34C1-B43D-442C-B5C8-71CC71615057}.Release|iPhoneSimulator.ActiveCfg = Release|Any CPU
		{FF6A34C1-B43D-442C-B5C8-71CC71615057}.Release|iPhoneSimulator.Build.0 = Release|Any CPU
		{FF6A34C1-B43D-442C-B5C8-71CC71615057}.Release|iPhoneSimulator.Deploy.0 = Release|Any CPU
		{FF6A34C1-B43D-442C-B5C8-71CC71615057}.Sample|Any CPU.ActiveCfg = Sample|Any CPU
		{FF6A34C1-B43D-442C-B5C8-71CC71615057}.Sample|Any CPU.Build.0 = Sample|Any CPU
		{FF6A34C1-B43D-442C-B5C8-71CC71615057}.Sample|Any CPU.Deploy.0 = Sample|Any CPU
		{FF6A34C1-B43D-442C-B5C8-71CC71615057}.Sample|iPhone.ActiveCfg = Sample|Any CPU
		{FF6A34C1-B43D-442C-B5C8-71CC71615057}.Sample|iPhone.Build.0 = Sample|Any CPU
		{FF6A34C1-B43D-442C-B5C8-71CC71615057}.Sample|iPhone.Deploy.0 = Sample|Any CPU
		{FF6A34C1-B43D-442C-B5C8-71CC71615057}.Sample|iPhoneSimulator.ActiveCfg = Sample|Any CPU
		{FF6A34C1-B43D-442C-B5C8-71CC71615057}.Sample|iPhoneSimulator.Build.0 = Sample|Any CPU
		{FF6A34C1-B43D-442C-B5C8-71CC71615057}.Sample|iPhoneSimulator.Deploy.0 = Sample|Any CPU
		{EDF277F4-7083-42BE-AF0B-1B219C0A73AE}.Ad-Hoc|Any CPU.ActiveCfg = Ad-Hoc|iPhone
		{EDF277F4-7083-42BE-AF0B-1B219C0A73AE}.Ad-Hoc|iPhone.ActiveCfg = Ad-Hoc|iPhone
		{EDF277F4-7083-42BE-AF0B-1B219C0A73AE}.Ad-Hoc|iPhone.Build.0 = Ad-Hoc|iPhone
		{EDF277F4-7083-42BE-AF0B-1B219C0A73AE}.Ad-Hoc|iPhoneSimulator.ActiveCfg = Ad-Hoc|iPhoneSimulator
		{EDF277F4-7083-42BE-AF0B-1B219C0A73AE}.Ad-Hoc|iPhoneSimulator.Build.0 = Ad-Hoc|iPhoneSimulator
		{EDF277F4-7083-42BE-AF0B-1B219C0A73AE}.AppStore|Any CPU.ActiveCfg = AppStore|iPhone
		{EDF277F4-7083-42BE-AF0B-1B219C0A73AE}.AppStore|iPhone.ActiveCfg = AppStore|iPhone
		{EDF277F4-7083-42BE-AF0B-1B219C0A73AE}.AppStore|iPhone.Build.0 = AppStore|iPhone
		{EDF277F4-7083-42BE-AF0B-1B219C0A73AE}.AppStore|iPhoneSimulator.ActiveCfg = AppStore|iPhoneSimulator
		{EDF277F4-7083-42BE-AF0B-1B219C0A73AE}.AppStore|iPhoneSimulator.Build.0 = AppStore|iPhoneSimulator
		{EDF277F4-7083-42BE-AF0B-1B219C0A73AE}.Debug|Any CPU.ActiveCfg = Debug|iPhone
		{EDF277F4-7083-42BE-AF0B-1B219C0A73AE}.Debug|iPhone.ActiveCfg = Debug|iPhone
		{EDF277F4-7083-42BE-AF0B-1B219C0A73AE}.Debug|iPhone.Build.0 = Debug|iPhone
		{EDF277F4-7083-42BE-AF0B-1B219C0A73AE}.Debug|iPhoneSimulator.ActiveCfg = Debug|iPhoneSimulator
		{EDF277F4-7083-42BE-AF0B-1B219C0A73AE}.Debug|iPhoneSimulator.Build.0 = Debug|iPhoneSimulator
		{EDF277F4-7083-42BE-AF0B-1B219C0A73AE}.Release|Any CPU.ActiveCfg = Release|iPhone
		{EDF277F4-7083-42BE-AF0B-1B219C0A73AE}.Release|iPhone.ActiveCfg = Release|iPhone
		{EDF277F4-7083-42BE-AF0B-1B219C0A73AE}.Release|iPhone.Build.0 = Release|iPhone
		{EDF277F4-7083-42BE-AF0B-1B219C0A73AE}.Release|iPhoneSimulator.ActiveCfg = Release|iPhoneSimulator
		{EDF277F4-7083-42BE-AF0B-1B219C0A73AE}.Release|iPhoneSimulator.Build.0 = Release|iPhoneSimulator
		{EDF277F4-7083-42BE-AF0B-1B219C0A73AE}.Sample|Any CPU.ActiveCfg = Sample|iPhone
		{EDF277F4-7083-42BE-AF0B-1B219C0A73AE}.Sample|iPhone.ActiveCfg = Sample|iPhone
		{EDF277F4-7083-42BE-AF0B-1B219C0A73AE}.Sample|iPhoneSimulator.ActiveCfg = Sample|iPhoneSimulator
		{F2E94F0B-5217-44A2-8747-A28C1D8C7E4B}.Ad-Hoc|Any CPU.ActiveCfg = Release|Any CPU
		{F2E94F0B-5217-44A2-8747-A28C1D8C7E4B}.Ad-Hoc|Any CPU.Build.0 = Release|Any CPU
		{F2E94F0B-5217-44A2-8747-A28C1D8C7E4B}.Ad-Hoc|iPhone.ActiveCfg = Release|Any CPU
		{F2E94F0B-5217-44A2-8747-A28C1D8C7E4B}.Ad-Hoc|iPhone.Build.0 = Release|Any CPU
		{F2E94F0B-5217-44A2-8747-A28C1D8C7E4B}.Ad-Hoc|iPhoneSimulator.ActiveCfg = Release|Any CPU
		{F2E94F0B-5217-44A2-8747-A28C1D8C7E4B}.Ad-Hoc|iPhoneSimulator.Build.0 = Release|Any CPU
		{F2E94F0B-5217-44A2-8747-A28C1D8C7E4B}.AppStore|Any CPU.ActiveCfg = Release|Any CPU
		{F2E94F0B-5217-44A2-8747-A28C1D8C7E4B}.AppStore|Any CPU.Build.0 = Release|Any CPU
		{F2E94F0B-5217-44A2-8747-A28C1D8C7E4B}.AppStore|iPhone.ActiveCfg = Release|Any CPU
		{F2E94F0B-5217-44A2-8747-A28C1D8C7E4B}.AppStore|iPhone.Build.0 = Release|Any CPU
		{F2E94F0B-5217-44A2-8747-A28C1D8C7E4B}.AppStore|iPhoneSimulator.ActiveCfg = Release|Any CPU
		{F2E94F0B-5217-44A2-8747-A28C1D8C7E4B}.AppStore|iPhoneSimulator.Build.0 = Release|Any CPU
		{F2E94F0B-5217-44A2-8747-A28C1D8C7E4B}.Debug|Any CPU.ActiveCfg = Debug|Any CPU
		{F2E94F0B-5217-44A2-8747-A28C1D8C7E4B}.Debug|Any CPU.Build.0 = Debug|Any CPU
		{F2E94F0B-5217-44A2-8747-A28C1D8C7E4B}.Debug|iPhone.ActiveCfg = Debug|Any CPU
		{F2E94F0B-5217-44A2-8747-A28C1D8C7E4B}.Debug|iPhone.Build.0 = Debug|Any CPU
		{F2E94F0B-5217-44A2-8747-A28C1D8C7E4B}.Debug|iPhoneSimulator.ActiveCfg = Debug|Any CPU
		{F2E94F0B-5217-44A2-8747-A28C1D8C7E4B}.Debug|iPhoneSimulator.Build.0 = Debug|Any CPU
		{F2E94F0B-5217-44A2-8747-A28C1D8C7E4B}.Release|Any CPU.ActiveCfg = Release|Any CPU
		{F2E94F0B-5217-44A2-8747-A28C1D8C7E4B}.Release|Any CPU.Build.0 = Release|Any CPU
		{F2E94F0B-5217-44A2-8747-A28C1D8C7E4B}.Release|iPhone.ActiveCfg = Release|Any CPU
		{F2E94F0B-5217-44A2-8747-A28C1D8C7E4B}.Release|iPhone.Build.0 = Release|Any CPU
		{F2E94F0B-5217-44A2-8747-A28C1D8C7E4B}.Release|iPhoneSimulator.ActiveCfg = Release|Any CPU
		{F2E94F0B-5217-44A2-8747-A28C1D8C7E4B}.Release|iPhoneSimulator.Build.0 = Release|Any CPU
		{F2E94F0B-5217-44A2-8747-A28C1D8C7E4B}.Sample|Any CPU.ActiveCfg = Sample|Any CPU
		{F2E94F0B-5217-44A2-8747-A28C1D8C7E4B}.Sample|Any CPU.Build.0 = Sample|Any CPU
		{F2E94F0B-5217-44A2-8747-A28C1D8C7E4B}.Sample|iPhone.ActiveCfg = Sample|Any CPU
		{F2E94F0B-5217-44A2-8747-A28C1D8C7E4B}.Sample|iPhone.Build.0 = Sample|Any CPU
		{F2E94F0B-5217-44A2-8747-A28C1D8C7E4B}.Sample|iPhoneSimulator.ActiveCfg = Sample|Any CPU
		{F2E94F0B-5217-44A2-8747-A28C1D8C7E4B}.Sample|iPhoneSimulator.Build.0 = Sample|Any CPU
		{393A81A0-558D-4901-AEBA-5D08E67F02AF}.Ad-Hoc|Any CPU.ActiveCfg = Release|Any CPU
		{393A81A0-558D-4901-AEBA-5D08E67F02AF}.Ad-Hoc|Any CPU.Build.0 = Release|Any CPU
		{393A81A0-558D-4901-AEBA-5D08E67F02AF}.Ad-Hoc|iPhone.ActiveCfg = Release|Any CPU
		{393A81A0-558D-4901-AEBA-5D08E67F02AF}.Ad-Hoc|iPhone.Build.0 = Release|Any CPU
		{393A81A0-558D-4901-AEBA-5D08E67F02AF}.Ad-Hoc|iPhoneSimulator.ActiveCfg = Release|Any CPU
		{393A81A0-558D-4901-AEBA-5D08E67F02AF}.Ad-Hoc|iPhoneSimulator.Build.0 = Release|Any CPU
		{393A81A0-558D-4901-AEBA-5D08E67F02AF}.AppStore|Any CPU.ActiveCfg = Release|Any CPU
		{393A81A0-558D-4901-AEBA-5D08E67F02AF}.AppStore|Any CPU.Build.0 = Release|Any CPU
		{393A81A0-558D-4901-AEBA-5D08E67F02AF}.AppStore|iPhone.ActiveCfg = Release|Any CPU
		{393A81A0-558D-4901-AEBA-5D08E67F02AF}.AppStore|iPhone.Build.0 = Release|Any CPU
		{393A81A0-558D-4901-AEBA-5D08E67F02AF}.AppStore|iPhoneSimulator.ActiveCfg = Release|Any CPU
		{393A81A0-558D-4901-AEBA-5D08E67F02AF}.AppStore|iPhoneSimulator.Build.0 = Release|Any CPU
		{393A81A0-558D-4901-AEBA-5D08E67F02AF}.Debug|Any CPU.ActiveCfg = Debug|Any CPU
		{393A81A0-558D-4901-AEBA-5D08E67F02AF}.Debug|Any CPU.Build.0 = Debug|Any CPU
		{393A81A0-558D-4901-AEBA-5D08E67F02AF}.Debug|iPhone.ActiveCfg = Debug|Any CPU
		{393A81A0-558D-4901-AEBA-5D08E67F02AF}.Debug|iPhone.Build.0 = Debug|Any CPU
		{393A81A0-558D-4901-AEBA-5D08E67F02AF}.Debug|iPhoneSimulator.ActiveCfg = Debug|Any CPU
		{393A81A0-558D-4901-AEBA-5D08E67F02AF}.Debug|iPhoneSimulator.Build.0 = Debug|Any CPU
		{393A81A0-558D-4901-AEBA-5D08E67F02AF}.Release|Any CPU.ActiveCfg = Release|Any CPU
		{393A81A0-558D-4901-AEBA-5D08E67F02AF}.Release|Any CPU.Build.0 = Release|Any CPU
		{393A81A0-558D-4901-AEBA-5D08E67F02AF}.Release|iPhone.ActiveCfg = Release|Any CPU
		{393A81A0-558D-4901-AEBA-5D08E67F02AF}.Release|iPhone.Build.0 = Release|Any CPU
		{393A81A0-558D-4901-AEBA-5D08E67F02AF}.Release|iPhoneSimulator.ActiveCfg = Release|Any CPU
		{393A81A0-558D-4901-AEBA-5D08E67F02AF}.Release|iPhoneSimulator.Build.0 = Release|Any CPU
		{393A81A0-558D-4901-AEBA-5D08E67F02AF}.Sample|Any CPU.ActiveCfg = Sample|Any CPU
		{393A81A0-558D-4901-AEBA-5D08E67F02AF}.Sample|Any CPU.Build.0 = Sample|Any CPU
		{393A81A0-558D-4901-AEBA-5D08E67F02AF}.Sample|iPhone.ActiveCfg = Sample|Any CPU
		{393A81A0-558D-4901-AEBA-5D08E67F02AF}.Sample|iPhone.Build.0 = Sample|Any CPU
		{393A81A0-558D-4901-AEBA-5D08E67F02AF}.Sample|iPhoneSimulator.ActiveCfg = Sample|Any CPU
		{393A81A0-558D-4901-AEBA-5D08E67F02AF}.Sample|iPhoneSimulator.Build.0 = Sample|Any CPU
		{65CC8523-2B41-4745-A678-A79BD46477DB}.Ad-Hoc|Any CPU.ActiveCfg = Release|Any CPU
		{65CC8523-2B41-4745-A678-A79BD46477DB}.Ad-Hoc|Any CPU.Build.0 = Release|Any CPU
		{65CC8523-2B41-4745-A678-A79BD46477DB}.Ad-Hoc|iPhone.ActiveCfg = Release|Any CPU
		{65CC8523-2B41-4745-A678-A79BD46477DB}.Ad-Hoc|iPhone.Build.0 = Release|Any CPU
		{65CC8523-2B41-4745-A678-A79BD46477DB}.Ad-Hoc|iPhoneSimulator.ActiveCfg = Release|Any CPU
		{65CC8523-2B41-4745-A678-A79BD46477DB}.Ad-Hoc|iPhoneSimulator.Build.0 = Release|Any CPU
		{65CC8523-2B41-4745-A678-A79BD46477DB}.AppStore|Any CPU.ActiveCfg = Release|Any CPU
		{65CC8523-2B41-4745-A678-A79BD46477DB}.AppStore|Any CPU.Build.0 = Release|Any CPU
		{65CC8523-2B41-4745-A678-A79BD46477DB}.AppStore|iPhone.ActiveCfg = Release|Any CPU
		{65CC8523-2B41-4745-A678-A79BD46477DB}.AppStore|iPhone.Build.0 = Release|Any CPU
		{65CC8523-2B41-4745-A678-A79BD46477DB}.AppStore|iPhoneSimulator.ActiveCfg = Release|Any CPU
		{65CC8523-2B41-4745-A678-A79BD46477DB}.AppStore|iPhoneSimulator.Build.0 = Release|Any CPU
		{65CC8523-2B41-4745-A678-A79BD46477DB}.Debug|Any CPU.ActiveCfg = Debug|Any CPU
		{65CC8523-2B41-4745-A678-A79BD46477DB}.Debug|Any CPU.Build.0 = Debug|Any CPU
		{65CC8523-2B41-4745-A678-A79BD46477DB}.Debug|iPhone.ActiveCfg = Debug|Any CPU
		{65CC8523-2B41-4745-A678-A79BD46477DB}.Debug|iPhone.Build.0 = Debug|Any CPU
		{65CC8523-2B41-4745-A678-A79BD46477DB}.Debug|iPhoneSimulator.ActiveCfg = Debug|Any CPU
		{65CC8523-2B41-4745-A678-A79BD46477DB}.Debug|iPhoneSimulator.Build.0 = Debug|Any CPU
		{65CC8523-2B41-4745-A678-A79BD46477DB}.Release|Any CPU.ActiveCfg = Release|Any CPU
		{65CC8523-2B41-4745-A678-A79BD46477DB}.Release|Any CPU.Build.0 = Release|Any CPU
		{65CC8523-2B41-4745-A678-A79BD46477DB}.Release|iPhone.ActiveCfg = Release|Any CPU
		{65CC8523-2B41-4745-A678-A79BD46477DB}.Release|iPhone.Build.0 = Release|Any CPU
		{65CC8523-2B41-4745-A678-A79BD46477DB}.Release|iPhoneSimulator.ActiveCfg = Release|Any CPU
		{65CC8523-2B41-4745-A678-A79BD46477DB}.Release|iPhoneSimulator.Build.0 = Release|Any CPU
		{65CC8523-2B41-4745-A678-A79BD46477DB}.Sample|Any CPU.ActiveCfg = Sample|Any CPU
		{65CC8523-2B41-4745-A678-A79BD46477DB}.Sample|Any CPU.Build.0 = Sample|Any CPU
		{65CC8523-2B41-4745-A678-A79BD46477DB}.Sample|iPhone.ActiveCfg = Sample|Any CPU
		{65CC8523-2B41-4745-A678-A79BD46477DB}.Sample|iPhone.Build.0 = Sample|Any CPU
		{65CC8523-2B41-4745-A678-A79BD46477DB}.Sample|iPhoneSimulator.ActiveCfg = Sample|Any CPU
		{65CC8523-2B41-4745-A678-A79BD46477DB}.Sample|iPhoneSimulator.Build.0 = Sample|Any CPU
		{6D33DD01-7D24-425F-AF85-B998AA502195}.Ad-Hoc|Any CPU.ActiveCfg = Release|Any CPU
		{6D33DD01-7D24-425F-AF85-B998AA502195}.Ad-Hoc|Any CPU.Build.0 = Release|Any CPU
		{6D33DD01-7D24-425F-AF85-B998AA502195}.Ad-Hoc|iPhone.ActiveCfg = Release|Any CPU
		{6D33DD01-7D24-425F-AF85-B998AA502195}.Ad-Hoc|iPhone.Build.0 = Release|Any CPU
		{6D33DD01-7D24-425F-AF85-B998AA502195}.Ad-Hoc|iPhoneSimulator.ActiveCfg = Release|Any CPU
		{6D33DD01-7D24-425F-AF85-B998AA502195}.Ad-Hoc|iPhoneSimulator.Build.0 = Release|Any CPU
		{6D33DD01-7D24-425F-AF85-B998AA502195}.AppStore|Any CPU.ActiveCfg = Release|Any CPU
		{6D33DD01-7D24-425F-AF85-B998AA502195}.AppStore|Any CPU.Build.0 = Release|Any CPU
		{6D33DD01-7D24-425F-AF85-B998AA502195}.AppStore|iPhone.ActiveCfg = Release|Any CPU
		{6D33DD01-7D24-425F-AF85-B998AA502195}.AppStore|iPhone.Build.0 = Release|Any CPU
		{6D33DD01-7D24-425F-AF85-B998AA502195}.AppStore|iPhoneSimulator.ActiveCfg = Release|Any CPU
		{6D33DD01-7D24-425F-AF85-B998AA502195}.AppStore|iPhoneSimulator.Build.0 = Release|Any CPU
		{6D33DD01-7D24-425F-AF85-B998AA502195}.Debug|Any CPU.ActiveCfg = Debug|Any CPU
		{6D33DD01-7D24-425F-AF85-B998AA502195}.Debug|Any CPU.Build.0 = Debug|Any CPU
		{6D33DD01-7D24-425F-AF85-B998AA502195}.Debug|iPhone.ActiveCfg = Debug|Any CPU
		{6D33DD01-7D24-425F-AF85-B998AA502195}.Debug|iPhone.Build.0 = Debug|Any CPU
		{6D33DD01-7D24-425F-AF85-B998AA502195}.Debug|iPhoneSimulator.ActiveCfg = Debug|Any CPU
		{6D33DD01-7D24-425F-AF85-B998AA502195}.Debug|iPhoneSimulator.Build.0 = Debug|Any CPU
		{6D33DD01-7D24-425F-AF85-B998AA502195}.Release|Any CPU.ActiveCfg = Release|Any CPU
		{6D33DD01-7D24-425F-AF85-B998AA502195}.Release|Any CPU.Build.0 = Release|Any CPU
		{6D33DD01-7D24-425F-AF85-B998AA502195}.Release|iPhone.ActiveCfg = Release|Any CPU
		{6D33DD01-7D24-425F-AF85-B998AA502195}.Release|iPhone.Build.0 = Release|Any CPU
		{6D33DD01-7D24-425F-AF85-B998AA502195}.Release|iPhoneSimulator.ActiveCfg = Release|Any CPU
		{6D33DD01-7D24-425F-AF85-B998AA502195}.Release|iPhoneSimulator.Build.0 = Release|Any CPU
		{6D33DD01-7D24-425F-AF85-B998AA502195}.Sample|Any CPU.ActiveCfg = Sample|Any CPU
		{6D33DD01-7D24-425F-AF85-B998AA502195}.Sample|Any CPU.Build.0 = Sample|Any CPU
		{6D33DD01-7D24-425F-AF85-B998AA502195}.Sample|iPhone.ActiveCfg = Sample|Any CPU
		{6D33DD01-7D24-425F-AF85-B998AA502195}.Sample|iPhone.Build.0 = Sample|Any CPU
		{6D33DD01-7D24-425F-AF85-B998AA502195}.Sample|iPhoneSimulator.ActiveCfg = Sample|Any CPU
		{6D33DD01-7D24-425F-AF85-B998AA502195}.Sample|iPhoneSimulator.Build.0 = Sample|Any CPU
		{31F06BF8-D068-498D-9686-C563482606B1}.Ad-Hoc|Any CPU.ActiveCfg = Debug|Any CPU
		{31F06BF8-D068-498D-9686-C563482606B1}.Ad-Hoc|Any CPU.Build.0 = Debug|Any CPU
		{31F06BF8-D068-498D-9686-C563482606B1}.Ad-Hoc|iPhone.ActiveCfg = Debug|Any CPU
		{31F06BF8-D068-498D-9686-C563482606B1}.Ad-Hoc|iPhone.Build.0 = Debug|Any CPU
		{31F06BF8-D068-498D-9686-C563482606B1}.Ad-Hoc|iPhoneSimulator.ActiveCfg = Debug|Any CPU
		{31F06BF8-D068-498D-9686-C563482606B1}.Ad-Hoc|iPhoneSimulator.Build.0 = Debug|Any CPU
		{31F06BF8-D068-498D-9686-C563482606B1}.AppStore|Any CPU.ActiveCfg = Debug|Any CPU
		{31F06BF8-D068-498D-9686-C563482606B1}.AppStore|Any CPU.Build.0 = Debug|Any CPU
		{31F06BF8-D068-498D-9686-C563482606B1}.AppStore|iPhone.ActiveCfg = Debug|Any CPU
		{31F06BF8-D068-498D-9686-C563482606B1}.AppStore|iPhone.Build.0 = Debug|Any CPU
		{31F06BF8-D068-498D-9686-C563482606B1}.AppStore|iPhoneSimulator.ActiveCfg = Debug|Any CPU
		{31F06BF8-D068-498D-9686-C563482606B1}.AppStore|iPhoneSimulator.Build.0 = Debug|Any CPU
		{31F06BF8-D068-498D-9686-C563482606B1}.Debug|Any CPU.ActiveCfg = Debug|Any CPU
		{31F06BF8-D068-498D-9686-C563482606B1}.Debug|Any CPU.Build.0 = Debug|Any CPU
		{31F06BF8-D068-498D-9686-C563482606B1}.Debug|iPhone.ActiveCfg = Debug|Any CPU
		{31F06BF8-D068-498D-9686-C563482606B1}.Debug|iPhone.Build.0 = Debug|Any CPU
		{31F06BF8-D068-498D-9686-C563482606B1}.Debug|iPhoneSimulator.ActiveCfg = Debug|Any CPU
		{31F06BF8-D068-498D-9686-C563482606B1}.Debug|iPhoneSimulator.Build.0 = Debug|Any CPU
		{31F06BF8-D068-498D-9686-C563482606B1}.Release|Any CPU.ActiveCfg = Release|Any CPU
		{31F06BF8-D068-498D-9686-C563482606B1}.Release|Any CPU.Build.0 = Release|Any CPU
		{31F06BF8-D068-498D-9686-C563482606B1}.Release|iPhone.ActiveCfg = Release|Any CPU
		{31F06BF8-D068-498D-9686-C563482606B1}.Release|iPhone.Build.0 = Release|Any CPU
		{31F06BF8-D068-498D-9686-C563482606B1}.Release|iPhoneSimulator.ActiveCfg = Release|Any CPU
		{31F06BF8-D068-498D-9686-C563482606B1}.Release|iPhoneSimulator.Build.0 = Release|Any CPU
		{31F06BF8-D068-498D-9686-C563482606B1}.Sample|Any CPU.ActiveCfg = Sample|Any CPU
		{31F06BF8-D068-498D-9686-C563482606B1}.Sample|Any CPU.Build.0 = Sample|Any CPU
		{31F06BF8-D068-498D-9686-C563482606B1}.Sample|iPhone.ActiveCfg = Sample|Any CPU
		{31F06BF8-D068-498D-9686-C563482606B1}.Sample|iPhone.Build.0 = Sample|Any CPU
		{31F06BF8-D068-498D-9686-C563482606B1}.Sample|iPhoneSimulator.ActiveCfg = Sample|Any CPU
		{31F06BF8-D068-498D-9686-C563482606B1}.Sample|iPhoneSimulator.Build.0 = Sample|Any CPU
		{7A80FCD4-BF7D-42C2-82F1-FAC60323E4F4}.Ad-Hoc|Any CPU.ActiveCfg = Release|Any CPU
		{7A80FCD4-BF7D-42C2-82F1-FAC60323E4F4}.Ad-Hoc|Any CPU.Build.0 = Release|Any CPU
		{7A80FCD4-BF7D-42C2-82F1-FAC60323E4F4}.Ad-Hoc|iPhone.ActiveCfg = Release|Any CPU
		{7A80FCD4-BF7D-42C2-82F1-FAC60323E4F4}.Ad-Hoc|iPhone.Build.0 = Release|Any CPU
		{7A80FCD4-BF7D-42C2-82F1-FAC60323E4F4}.Ad-Hoc|iPhoneSimulator.ActiveCfg = Release|Any CPU
		{7A80FCD4-BF7D-42C2-82F1-FAC60323E4F4}.Ad-Hoc|iPhoneSimulator.Build.0 = Release|Any CPU
		{7A80FCD4-BF7D-42C2-82F1-FAC60323E4F4}.AppStore|Any CPU.ActiveCfg = Release|Any CPU
		{7A80FCD4-BF7D-42C2-82F1-FAC60323E4F4}.AppStore|Any CPU.Build.0 = Release|Any CPU
		{7A80FCD4-BF7D-42C2-82F1-FAC60323E4F4}.AppStore|iPhone.ActiveCfg = Release|Any CPU
		{7A80FCD4-BF7D-42C2-82F1-FAC60323E4F4}.AppStore|iPhone.Build.0 = Release|Any CPU
		{7A80FCD4-BF7D-42C2-82F1-FAC60323E4F4}.AppStore|iPhoneSimulator.ActiveCfg = Release|Any CPU
		{7A80FCD4-BF7D-42C2-82F1-FAC60323E4F4}.AppStore|iPhoneSimulator.Build.0 = Release|Any CPU
		{7A80FCD4-BF7D-42C2-82F1-FAC60323E4F4}.Debug|Any CPU.ActiveCfg = Debug|Any CPU
		{7A80FCD4-BF7D-42C2-82F1-FAC60323E4F4}.Debug|Any CPU.Build.0 = Debug|Any CPU
		{7A80FCD4-BF7D-42C2-82F1-FAC60323E4F4}.Debug|iPhone.ActiveCfg = Debug|Any CPU
		{7A80FCD4-BF7D-42C2-82F1-FAC60323E4F4}.Debug|iPhone.Build.0 = Debug|Any CPU
		{7A80FCD4-BF7D-42C2-82F1-FAC60323E4F4}.Debug|iPhoneSimulator.ActiveCfg = Debug|Any CPU
		{7A80FCD4-BF7D-42C2-82F1-FAC60323E4F4}.Debug|iPhoneSimulator.Build.0 = Debug|Any CPU
		{7A80FCD4-BF7D-42C2-82F1-FAC60323E4F4}.Release|Any CPU.ActiveCfg = Release|Any CPU
		{7A80FCD4-BF7D-42C2-82F1-FAC60323E4F4}.Release|Any CPU.Build.0 = Release|Any CPU
		{7A80FCD4-BF7D-42C2-82F1-FAC60323E4F4}.Release|iPhone.ActiveCfg = Release|Any CPU
		{7A80FCD4-BF7D-42C2-82F1-FAC60323E4F4}.Release|iPhone.Build.0 = Release|Any CPU
		{7A80FCD4-BF7D-42C2-82F1-FAC60323E4F4}.Release|iPhoneSimulator.ActiveCfg = Release|Any CPU
		{7A80FCD4-BF7D-42C2-82F1-FAC60323E4F4}.Release|iPhoneSimulator.Build.0 = Release|Any CPU
		{7A80FCD4-BF7D-42C2-82F1-FAC60323E4F4}.Sample|Any CPU.ActiveCfg = Sample|Any CPU
		{7A80FCD4-BF7D-42C2-82F1-FAC60323E4F4}.Sample|Any CPU.Build.0 = Sample|Any CPU
		{7A80FCD4-BF7D-42C2-82F1-FAC60323E4F4}.Sample|iPhone.ActiveCfg = Sample|Any CPU
		{7A80FCD4-BF7D-42C2-82F1-FAC60323E4F4}.Sample|iPhone.Build.0 = Sample|Any CPU
		{7A80FCD4-BF7D-42C2-82F1-FAC60323E4F4}.Sample|iPhoneSimulator.ActiveCfg = Sample|Any CPU
		{7A80FCD4-BF7D-42C2-82F1-FAC60323E4F4}.Sample|iPhoneSimulator.Build.0 = Sample|Any CPU
	EndGlobalSection
	GlobalSection(SolutionProperties) = preSolution
		HideSolutionNode = FALSE
	EndGlobalSection
	GlobalSection(ExtensibilityGlobals) = postSolution
		SolutionGuid = {B296ED39-E064-4866-9726-B7E9A0BF4B2A}
	EndGlobalSection
EndGlobal
