
Microsoft Visual Studio Solution File, Format Version 12.00
# Visual Studio 15
VisualStudioVersion = 15.0.26730.12
MinimumVisualStudioVersion = 10.0.40219.1
Project("{FAE04EC0-301F-11D3-BF4B-00C04F79EFBC}") = "Calculator.Android", "Calculator\Calculator.Android\Calculator.Android.csproj", "{DB5B0FD6-448F-4A40-940A-82D76FE16B4C}"
EndProject
Project("{FAE04EC0-301F-11D3-BF4B-00C04F79EFBC}") = "Calculator", "Calculator\Calculator\Calculator.csproj", "{EAA382A7-5A5B-4F04-A5AA-010EEC7B93CC}"
EndProject
Project("{FAE04EC0-301F-11D3-BF4B-00C04F79EFBC}") = "Calculator.iOS", "Calculator\Calculator.iOS\Calculator.iOS.csproj", "{6BEDF148-CE0F-4BFC-AEC5-E2EDD8048222}"
EndProject
Global
	GlobalSection(SolutionConfigurationPlatforms) = preSolution
		Ad-Hoc|Any CPU = Ad-Hoc|Any CPU
		Ad-Hoc|iPhone = Ad-Hoc|iPhone
		Ad-Hoc|iPhoneSimulator = Ad-Hoc|iPhoneSimulator
		AppStore|Any CPU = AppStore|Any CPU
		AppStore|iPhone = AppStore|iPhone
		AppStore|iPhoneSimulator = AppStore|iPhoneSimulator
		Debug|Any CPU = Debug|Any CPU
		Debug|iPhone = Debug|iPhone
		Debug|iPhoneSimulator = Debug|iPhoneSimulator
		Release|Any CPU = Release|Any CPU
		Release|iPhone = Release|iPhone
		Release|iPhoneSimulator = Release|iPhoneSimulator
	EndGlobalSection
	GlobalSection(ProjectConfigurationPlatforms) = postSolution
		{DB5B0FD6-448F-4A40-940A-82D76FE16B4C}.Ad-Hoc|Any CPU.ActiveCfg = Release|Any CPU
		{DB5B0FD6-448F-4A40-940A-82D76FE16B4C}.Ad-Hoc|Any CPU.Build.0 = Release|Any CPU
		{DB5B0FD6-448F-4A40-940A-82D76FE16B4C}.Ad-Hoc|Any CPU.Deploy.0 = Release|Any CPU
		{DB5B0FD6-448F-4A40-940A-82D76FE16B4C}.Ad-Hoc|iPhone.ActiveCfg = Release|Any CPU
		{DB5B0FD6-448F-4A40-940A-82D76FE16B4C}.Ad-Hoc|iPhone.Build.0 = Release|Any CPU
		{DB5B0FD6-448F-4A40-940A-82D76FE16B4C}.Ad-Hoc|iPhone.Deploy.0 = Release|Any CPU
		{DB5B0FD6-448F-4A40-940A-82D76FE16B4C}.Ad-Hoc|iPhoneSimulator.ActiveCfg = Release|Any CPU
		{DB5B0FD6-448F-4A40-940A-82D76FE16B4C}.Ad-Hoc|iPhoneSimulator.Build.0 = Release|Any CPU
		{DB5B0FD6-448F-4A40-940A-82D76FE16B4C}.Ad-Hoc|iPhoneSimulator.Deploy.0 = Release|Any CPU
		{DB5B0FD6-448F-4A40-940A-82D76FE16B4C}.AppStore|Any CPU.ActiveCfg = Release|Any CPU
		{DB5B0FD6-448F-4A40-940A-82D76FE16B4C}.AppStore|Any CPU.Build.0 = Release|Any CPU
		{DB5B0FD6-448F-4A40-940A-82D76FE16B4C}.AppStore|Any CPU.Deploy.0 = Release|Any CPU
		{DB5B0FD6-448F-4A40-940A-82D76FE16B4C}.AppStore|iPhone.ActiveCfg = Release|Any CPU
		{DB5B0FD6-448F-4A40-940A-82D76FE16B4C}.AppStore|iPhone.Build.0 = Release|Any CPU
		{DB5B0FD6-448F-4A40-940A-82D76FE16B4C}.AppStore|iPhone.Deploy.0 = Release|Any CPU
		{DB5B0FD6-448F-4A40-940A-82D76FE16B4C}.AppStore|iPhoneSimulator.ActiveCfg = Release|Any CPU
		{DB5B0FD6-448F-4A40-940A-82D76FE16B4C}.AppStore|iPhoneSimulator.Build.0 = Release|Any CPU
		{DB5B0FD6-448F-4A40-940A-82D76FE16B4C}.AppStore|iPhoneSimulator.Deploy.0 = Release|Any CPU
		{DB5B0FD6-448F-4A40-940A-82D76FE16B4C}.Debug|Any CPU.ActiveCfg = Debug|Any CPU
		{DB5B0FD6-448F-4A40-940A-82D76FE16B4C}.Debug|Any CPU.Build.0 = Debug|Any CPU
		{DB5B0FD6-448F-4A40-940A-82D76FE16B4C}.Debug|Any CPU.Deploy.0 = Debug|Any CPU
		{DB5B0FD6-448F-4A40-940A-82D76FE16B4C}.Debug|iPhone.ActiveCfg = Debug|Any CPU
		{DB5B0FD6-448F-4A40-940A-82D76FE16B4C}.Debug|iPhone.Build.0 = Debug|Any CPU
		{DB5B0FD6-448F-4A40-940A-82D76FE16B4C}.Debug|iPhone.Deploy.0 = Debug|Any CPU
		{DB5B0FD6-448F-4A40-940A-82D76FE16B4C}.Debug|iPhoneSimulator.ActiveCfg = Debug|Any CPU
		{DB5B0FD6-448F-4A40-940A-82D76FE16B4C}.Debug|iPhoneSimulator.Build.0 = Debug|Any CPU
		{DB5B0FD6-448F-4A40-940A-82D76FE16B4C}.Debug|iPhoneSimulator.Deploy.0 = Debug|Any CPU
		{DB5B0FD6-448F-4A40-940A-82D76FE16B4C}.Release|Any CPU.ActiveCfg = Release|Any CPU
		{DB5B0FD6-448F-4A40-940A-82D76FE16B4C}.Release|Any CPU.Build.0 = Release|Any CPU
		{DB5B0FD6-448F-4A40-940A-82D76FE16B4C}.Release|Any CPU.Deploy.0 = Release|Any CPU
		{DB5B0FD6-448F-4A40-940A-82D76FE16B4C}.Release|iPhone.ActiveCfg = Release|Any CPU
		{DB5B0FD6-448F-4A40-940A-82D76FE16B4C}.Release|iPhone.Build.0 = Release|Any CPU
		{DB5B0FD6-448F-4A40-940A-82D76FE16B4C}.Release|iPhone.Deploy.0 = Release|Any CPU
		{DB5B0FD6-448F-4A40-940A-82D76FE16B4C}.Release|iPhoneSimulator.ActiveCfg = Release|Any CPU
		{DB5B0FD6-448F-4A40-940A-82D76FE16B4C}.Release|iPhoneSimulator.Build.0 = Release|Any CPU
		{DB5B0FD6-448F-4A40-940A-82D76FE16B4C}.Release|iPhoneSimulator.Deploy.0 = Release|Any CPU
		{EAA382A7-5A5B-4F04-A5AA-010EEC7B93CC}.Ad-Hoc|Any CPU.ActiveCfg = Release|Any CPU
		{EAA382A7-5A5B-4F04-A5AA-010EEC7B93CC}.Ad-Hoc|Any CPU.Build.0 = Release|Any CPU
		{EAA382A7-5A5B-4F04-A5AA-010EEC7B93CC}.Ad-Hoc|iPhone.ActiveCfg = Release|Any CPU
		{EAA382A7-5A5B-4F04-A5AA-010EEC7B93CC}.Ad-Hoc|iPhone.Build.0 = Release|Any CPU
		{EAA382A7-5A5B-4F04-A5AA-010EEC7B93CC}.Ad-Hoc|iPhoneSimulator.ActiveCfg = Release|Any CPU
		{EAA382A7-5A5B-4F04-A5AA-010EEC7B93CC}.Ad-Hoc|iPhoneSimulator.Build.0 = Release|Any CPU
		{EAA382A7-5A5B-4F04-A5AA-010EEC7B93CC}.AppStore|Any CPU.ActiveCfg = Release|Any CPU
		{EAA382A7-5A5B-4F04-A5AA-010EEC7B93CC}.AppStore|Any CPU.Build.0 = Release|Any CPU
		{EAA382A7-5A5B-4F04-A5AA-010EEC7B93CC}.AppStore|iPhone.ActiveCfg = Release|Any CPU
		{EAA382A7-5A5B-4F04-A5AA-010EEC7B93CC}.AppStore|iPhone.Build.0 = Release|Any CPU
		{EAA382A7-5A5B-4F04-A5AA-010EEC7B93CC}.AppStore|iPhoneSimulator.ActiveCfg = Release|Any CPU
		{EAA382A7-5A5B-4F04-A5AA-010EEC7B93CC}.AppStore|iPhoneSimulator.Build.0 = Release|Any CPU
		{EAA382A7-5A5B-4F04-A5AA-010EEC7B93CC}.Debug|Any CPU.ActiveCfg = Debug|Any CPU
		{EAA382A7-5A5B-4F04-A5AA-010EEC7B93CC}.Debug|Any CPU.Build.0 = Debug|Any CPU
		{EAA382A7-5A5B-4F04-A5AA-010EEC7B93CC}.Debug|iPhone.ActiveCfg = Debug|Any CPU
		{EAA382A7-5A5B-4F04-A5AA-010EEC7B93CC}.Debug|iPhone.Build.0 = Debug|Any CPU
		{EAA382A7-5A5B-4F04-A5AA-010EEC7B93CC}.Debug|iPhoneSimulator.ActiveCfg = Debug|Any CPU
		{EAA382A7-5A5B-4F04-A5AA-010EEC7B93CC}.Debug|iPhoneSimulator.Build.0 = Debug|Any CPU
		{EAA382A7-5A5B-4F04-A5AA-010EEC7B93CC}.Release|Any CPU.ActiveCfg = Release|Any CPU
		{EAA382A7-5A5B-4F04-A5AA-010EEC7B93CC}.Release|Any CPU.Build.0 = Release|Any CPU
		{EAA382A7-5A5B-4F04-A5AA-010EEC7B93CC}.Release|iPhone.ActiveCfg = Release|Any CPU
		{EAA382A7-5A5B-4F04-A5AA-010EEC7B93CC}.Release|iPhone.Build.0 = Release|Any CPU
		{EAA382A7-5A5B-4F04-A5AA-010EEC7B93CC}.Release|iPhoneSimulator.ActiveCfg = Release|Any CPU
		{EAA382A7-5A5B-4F04-A5AA-010EEC7B93CC}.Release|iPhoneSimulator.Build.0 = Release|Any CPU
		{6BEDF148-CE0F-4BFC-AEC5-E2EDD8048222}.Ad-Hoc|Any CPU.ActiveCfg = Ad-Hoc|iPhone
		{6BEDF148-CE0F-4BFC-AEC5-E2EDD8048222}.Ad-Hoc|iPhone.ActiveCfg = Ad-Hoc|iPhone
		{6BEDF148-CE0F-4BFC-AEC5-E2EDD8048222}.Ad-Hoc|iPhone.Build.0 = Ad-Hoc|iPhone
		{6BEDF148-CE0F-4BFC-AEC5-E2EDD8048222}.Ad-Hoc|iPhoneSimulator.ActiveCfg = Ad-Hoc|iPhoneSimulator
		{6BEDF148-CE0F-4BFC-AEC5-E2EDD8048222}.Ad-Hoc|iPhoneSimulator.Build.0 = Ad-Hoc|iPhoneSimulator
		{6BEDF148-CE0F-4BFC-AEC5-E2EDD8048222}.AppStore|Any CPU.ActiveCfg = AppStore|iPhone
		{6BEDF148-CE0F-4BFC-AEC5-E2EDD8048222}.AppStore|iPhone.ActiveCfg = AppStore|iPhone
		{6BEDF148-CE0F-4BFC-AEC5-E2EDD8048222}.AppStore|iPhone.Build.0 = AppStore|iPhone
		{6BEDF148-CE0F-4BFC-AEC5-E2EDD8048222}.AppStore|iPhoneSimulator.ActiveCfg = AppStore|iPhoneSimulator
		{6BEDF148-CE0F-4BFC-AEC5-E2EDD8048222}.AppStore|iPhoneSimulator.Build.0 = AppStore|iPhoneSimulator
		{6BEDF148-CE0F-4BFC-AEC5-E2EDD8048222}.Debug|Any CPU.ActiveCfg = Debug|iPhone
		{6BEDF148-CE0F-4BFC-AEC5-E2EDD8048222}.Debug|iPhone.ActiveCfg = Debug|iPhone
		{6BEDF148-CE0F-4BFC-AEC5-E2EDD8048222}.Debug|iPhone.Build.0 = Debug|iPhone
		{6BEDF148-CE0F-4BFC-AEC5-E2EDD8048222}.Debug|iPhoneSimulator.ActiveCfg = Debug|iPhoneSimulator
		{6BEDF148-CE0F-4BFC-AEC5-E2EDD8048222}.Debug|iPhoneSimulator.Build.0 = Debug|iPhoneSimulator
		{6BEDF148-CE0F-4BFC-AEC5-E2EDD8048222}.Release|Any CPU.ActiveCfg = Release|iPhone
		{6BEDF148-CE0F-4BFC-AEC5-E2EDD8048222}.Release|iPhone.ActiveCfg = Release|iPhone
		{6BEDF148-CE0F-4BFC-AEC5-E2EDD8048222}.Release|iPhone.Build.0 = Release|iPhone
		{6BEDF148-CE0F-4BFC-AEC5-E2EDD8048222}.Release|iPhoneSimulator.ActiveCfg = Release|iPhoneSimulator
		{6BEDF148-CE0F-4BFC-AEC5-E2EDD8048222}.Release|iPhoneSimulator.Build.0 = Release|iPhoneSimulator
	EndGlobalSection
	GlobalSection(SolutionProperties) = preSolution
		HideSolutionNode = FALSE
	EndGlobalSection
	GlobalSection(ExtensibilityGlobals) = postSolution
		SolutionGuid = {959F2BDB-DE90-465F-B1B9-91A04C82019E}
	EndGlobalSection
EndGlobal
