
Microsoft Visual Studio Solution File, Format Version 12.00
# Visual Studio 15
VisualStudioVersion = 15.0.27130.2036
MinimumVisualStudioVersion = 10.0.40219.1
Project("{FAE04EC0-301F-11D3-BF4B-00C04F79EFBC}") = "Calculator.Android", "Calculator\Calculator.Android\Calculator.Android.csproj", "{FF6A34C1-B43D-442C-B5C8-71CC71615057}"
EndProject
Project("{FAE04EC0-301F-11D3-BF4B-00C04F79EFBC}") = "Calculator.iOS", "Calculator\Calculator.iOS\Calculator.iOS.csproj", "{EDF277F4-7083-42BE-AF0B-1B219C0A73AE}"
EndProject
Project("{D954291E-2A0B-460D-934E-DC6B0785DB48}") = "Calculator", "Calculator\Calculator\Calculator.shproj", "{593F7D91-8A33-44A2-AA6E-8DA8D52505B4}"
EndProject
Global
	GlobalSection(SharedMSBuildProjectFiles) = preSolution
		Calculator\Calculator\Calculator.projitems*{593f7d91-8a33-44a2-aa6e-8da8d52505b4}*SharedItemsImports = 13
		Calculator\Calculator\Calculator.projitems*{edf277f4-7083-42be-af0b-1b219c0a73ae}*SharedItemsImports = 4
		Calculator\Calculator\Calculator.projitems*{ff6a34c1-b43d-442c-b5c8-71cc71615057}*SharedItemsImports = 4
	EndGlobalSection
	GlobalSection(SolutionConfigurationPlatforms) = preSolution
		Ad-Hoc|Any CPU = Ad-Hoc|Any CPU
		Ad-Hoc|iPhone = Ad-Hoc|iPhone
		Ad-Hoc|iPhoneSimulator = Ad-Hoc|iPhoneSimulator
		AppStore|Any CPU = AppStore|Any CPU
		AppStore|iPhone = AppStore|iPhone
		AppStore|iPhoneSimulator = AppStore|iPhoneSimulator
		Debug|Any CPU = Debug|Any CPU
		Debug|iPhone = Debug|iPhone
		Debug|iPhoneSimulator = Debug|iPhoneSimulator
		Release|Any CPU = Release|Any CPU
		Release|iPhone = Release|iPhone
		Release|iPhoneSimulator = Release|iPhoneSimulator
	EndGlobalSection
	GlobalSection(ProjectConfigurationPlatforms) = postSolution
		{FF6A34C1-B43D-442C-B5C8-71CC71615057}.Ad-Hoc|Any CPU.ActiveCfg = Release|Any CPU
		{FF6A34C1-B43D-442C-B5C8-71CC71615057}.Ad-Hoc|Any CPU.Build.0 = Release|Any CPU
		{FF6A34C1-B43D-442C-B5C8-71CC71615057}.Ad-Hoc|Any CPU.Deploy.0 = Release|Any CPU
		{FF6A34C1-B43D-442C-B5C8-71CC71615057}.Ad-Hoc|iPhone.ActiveCfg = Release|Any CPU
		{FF6A34C1-B43D-442C-B5C8-71CC71615057}.Ad-Hoc|iPhone.Build.0 = Release|Any CPU
		{FF6A34C1-B43D-442C-B5C8-71CC71615057}.Ad-Hoc|iPhone.Deploy.0 = Release|Any CPU
		{FF6A34C1-B43D-442C-B5C8-71CC71615057}.Ad-Hoc|iPhoneSimulator.ActiveCfg = Release|Any CPU
		{FF6A34C1-B43D-442C-B5C8-71CC71615057}.Ad-Hoc|iPhoneSimulator.Build.0 = Release|Any CPU
		{FF6A34C1-B43D-442C-B5C8-71CC71615057}.Ad-Hoc|iPhoneSimulator.Deploy.0 = Release|Any CPU
		{FF6A34C1-B43D-442C-B5C8-71CC71615057}.AppStore|Any CPU.ActiveCfg = Release|Any CPU
		{FF6A34C1-B43D-442C-B5C8-71CC71615057}.AppStore|Any CPU.Build.0 = Release|Any CPU
		{FF6A34C1-B43D-442C-B5C8-71CC71615057}.AppStore|Any CPU.Deploy.0 = Release|Any CPU
		{FF6A34C1-B43D-442C-B5C8-71CC71615057}.AppStore|iPhone.ActiveCfg = Release|Any CPU
		{FF6A34C1-B43D-442C-B5C8-71CC71615057}.AppStore|iPhone.Build.0 = Release|Any CPU
		{FF6A34C1-B43D-442C-B5C8-71CC71615057}.AppStore|iPhone.Deploy.0 = Release|Any CPU
		{FF6A34C1-B43D-442C-B5C8-71CC71615057}.AppStore|iPhoneSimulator.ActiveCfg = Release|Any CPU
		{FF6A34C1-B43D-442C-B5C8-71CC71615057}.AppStore|iPhoneSimulator.Build.0 = Release|Any CPU
		{FF6A34C1-B43D-442C-B5C8-71CC71615057}.AppStore|iPhoneSimulator.Deploy.0 = Release|Any CPU
		{FF6A34C1-B43D-442C-B5C8-71CC71615057}.Debug|Any CPU.ActiveCfg = Debug|Any CPU
		{FF6A34C1-B43D-442C-B5C8-71CC71615057}.Debug|Any CPU.Build.0 = Debug|Any CPU
		{FF6A34C1-B43D-442C-B5C8-71CC71615057}.Debug|Any CPU.Deploy.0 = Debug|Any CPU
		{FF6A34C1-B43D-442C-B5C8-71CC71615057}.Debug|iPhone.ActiveCfg = Debug|Any CPU
		{FF6A34C1-B43D-442C-B5C8-71CC71615057}.Debug|iPhone.Build.0 = Debug|Any CPU
		{FF6A34C1-B43D-442C-B5C8-71CC71615057}.Debug|iPhone.Deploy.0 = Debug|Any CPU
		{FF6A34C1-B43D-442C-B5C8-71CC71615057}.Debug|iPhoneSimulator.ActiveCfg = Debug|Any CPU
		{FF6A34C1-B43D-442C-B5C8-71CC71615057}.Debug|iPhoneSimulator.Build.0 = Debug|Any CPU
		{FF6A34C1-B43D-442C-B5C8-71CC71615057}.Debug|iPhoneSimulator.Deploy.0 = Debug|Any CPU
		{FF6A34C1-B43D-442C-B5C8-71CC71615057}.Release|Any CPU.ActiveCfg = Release|Any CPU
		{FF6A34C1-B43D-442C-B5C8-71CC71615057}.Release|Any CPU.Build.0 = Release|Any CPU
		{FF6A34C1-B43D-442C-B5C8-71CC71615057}.Release|Any CPU.Deploy.0 = Release|Any CPU
		{FF6A34C1-B43D-442C-B5C8-71CC71615057}.Release|iPhone.ActiveCfg = Release|Any CPU
		{FF6A34C1-B43D-442C-B5C8-71CC71615057}.Release|iPhone.Build.0 = Release|Any CPU
		{FF6A34C1-B43D-442C-B5C8-71CC71615057}.Release|iPhone.Deploy.0 = Release|Any CPU
		{FF6A34C1-B43D-442C-B5C8-71CC71615057}.Release|iPhoneSimulator.ActiveCfg = Release|Any CPU
		{FF6A34C1-B43D-442C-B5C8-71CC71615057}.Release|iPhoneSimulator.Build.0 = Release|Any CPU
		{FF6A34C1-B43D-442C-B5C8-71CC71615057}.Release|iPhoneSimulator.Deploy.0 = Release|Any CPU
		{EDF277F4-7083-42BE-AF0B-1B219C0A73AE}.Ad-Hoc|Any CPU.ActiveCfg = Ad-Hoc|iPhone
		{EDF277F4-7083-42BE-AF0B-1B219C0A73AE}.Ad-Hoc|iPhone.ActiveCfg = Ad-Hoc|iPhone
		{EDF277F4-7083-42BE-AF0B-1B219C0A73AE}.Ad-Hoc|iPhone.Build.0 = Ad-Hoc|iPhone
		{EDF277F4-7083-42BE-AF0B-1B219C0A73AE}.Ad-Hoc|iPhoneSimulator.ActiveCfg = Ad-Hoc|iPhoneSimulator
		{EDF277F4-7083-42BE-AF0B-1B219C0A73AE}.Ad-Hoc|iPhoneSimulator.Build.0 = Ad-Hoc|iPhoneSimulator
		{EDF277F4-7083-42BE-AF0B-1B219C0A73AE}.AppStore|Any CPU.ActiveCfg = AppStore|iPhone
		{EDF277F4-7083-42BE-AF0B-1B219C0A73AE}.AppStore|iPhone.ActiveCfg = AppStore|iPhone
		{EDF277F4-7083-42BE-AF0B-1B219C0A73AE}.AppStore|iPhone.Build.0 = AppStore|iPhone
		{EDF277F4-7083-42BE-AF0B-1B219C0A73AE}.AppStore|iPhoneSimulator.ActiveCfg = AppStore|iPhoneSimulator
		{EDF277F4-7083-42BE-AF0B-1B219C0A73AE}.AppStore|iPhoneSimulator.Build.0 = AppStore|iPhoneSimulator
		{EDF277F4-7083-42BE-AF0B-1B219C0A73AE}.Debug|Any CPU.ActiveCfg = Debug|iPhone
		{EDF277F4-7083-42BE-AF0B-1B219C0A73AE}.Debug|iPhone.ActiveCfg = Debug|iPhone
		{EDF277F4-7083-42BE-AF0B-1B219C0A73AE}.Debug|iPhone.Build.0 = Debug|iPhone
		{EDF277F4-7083-42BE-AF0B-1B219C0A73AE}.Debug|iPhoneSimulator.ActiveCfg = Debug|iPhoneSimulator
		{EDF277F4-7083-42BE-AF0B-1B219C0A73AE}.Debug|iPhoneSimulator.Build.0 = Debug|iPhoneSimulator
		{EDF277F4-7083-42BE-AF0B-1B219C0A73AE}.Release|Any CPU.ActiveCfg = Release|iPhone
		{EDF277F4-7083-42BE-AF0B-1B219C0A73AE}.Release|iPhone.ActiveCfg = Release|iPhone
		{EDF277F4-7083-42BE-AF0B-1B219C0A73AE}.Release|iPhone.Build.0 = Release|iPhone
		{EDF277F4-7083-42BE-AF0B-1B219C0A73AE}.Release|iPhoneSimulator.ActiveCfg = Release|iPhoneSimulator
		{EDF277F4-7083-42BE-AF0B-1B219C0A73AE}.Release|iPhoneSimulator.Build.0 = Release|iPhoneSimulator
	EndGlobalSection
	GlobalSection(SolutionProperties) = preSolution
		HideSolutionNode = FALSE
	EndGlobalSection
	GlobalSection(ExtensibilityGlobals) = postSolution
		SolutionGuid = {B296ED39-E064-4866-9726-B7E9A0BF4B2A}
	EndGlobalSection
EndGlobal
